
Microsoft Visual Studio Solution File, Format Version 12.00
# Visual Studio 2012
Project("{FAE04EC0-301F-11D3-BF4B-00C04F79EFBC}") = "WebSocketAsyncVoidBug", "WebSocketAsyncVoidBug\WebSocketAsyncVoidBug.csproj", "{88135AC0-6317-4D33-AEF4-DA06A6B048EB}"
EndProject
Global
	GlobalSection(SolutionConfigurationPlatforms) = preSolution
		Debug|Any CPU = Debug|Any CPU
		Release|Any CPU = Release|Any CPU
	EndGlobalSection
	GlobalSection(ProjectConfigurationPlatforms) = postSolution
		{88135AC0-6317-4D33-AEF4-DA06A6B048EB}.Debug|Any CPU.ActiveCfg = Debug|Any CPU
		{88135AC0-6317-4D33-AEF4-DA06A6B048EB}.Debug|Any CPU.Build.0 = Debug|Any CPU
		{88135AC0-6317-4D33-AEF4-DA06A6B048EB}.Release|Any CPU.ActiveCfg = Release|Any CPU
		{88135AC0-6317-4D33-AEF4-DA06A6B048EB}.Release|Any CPU.Build.0 = Release|Any CPU
	EndGlobalSection
	GlobalSection(SolutionProperties) = preSolution
		HideSolutionNode = FALSE
	EndGlobalSection
EndGlobal
